# THIS IS AN AUTOGENERATED FILE. DO NOT EDIT THIS FILE DIRECTLY.
# yarn lockfile v1


"@tootallnate/once@2":
  version "2.0.0"
  resolved "https://registry.npmjs.org/@tootallnate/once/-/once-2.0.0.tgz#f544a148d3ab35801c1f633a7441fd87c2e484bf"
  integrity sha512-XCuKFP5PS55gnMVu3dty8KPatLqUoy/ZYzDzAGCQ8JNFCkLXzmI7vNHCR+XpbZaMWQK/vQubr7PkYq8g470J/A==

"@types/jsdom@^16.2.14":
  version "16.2.14"
  resolved "https://registry.npmjs.org/@types/jsdom/-/jsdom-16.2.14.tgz#26fe9da6a8870715b154bb84cd3b2e53433d8720"
  integrity sha512-6BAy1xXEmMuHeAJ4Fv4yXKwBDTGTOseExKE3OaHiNycdHdZw59KfYzrt0DkDluvwmik1HRt6QS7bImxUmpSy+w==
  dependencies:
    "@types/node" "*"
    "@types/parse5" "*"
    "@types/tough-cookie" "*"

"@types/node@*":
  version "15.12.4"
  resolved "https://registry.npmjs.org/@types/node/-/node-15.12.4.tgz#e1cf817d70a1e118e81922c4ff6683ce9d422e26"
  integrity sha512-zrNj1+yqYF4WskCMOHwN+w9iuD12+dGm0rQ35HLl9/Ouuq52cEtd0CH9qMgrdNmi5ejC1/V7vKEXYubB+65DkA==

"@types/node@^17.0.25":
  version "17.0.25"
  resolved "https://registry.npmjs.org/@types/node/-/node-17.0.25.tgz#527051f3c2f77aa52e5dc74e45a3da5fb2301448"
  integrity sha512-wANk6fBrUwdpY4isjWrKTufkrXdu1D2YHCot2fD/DfWxF5sMrVSA+KN7ydckvaTCh0HiqX9IVl0L5/ZoXg5M7w==

"@types/parse5@*":
  version "6.0.0"
  resolved "https://registry.npmjs.org/@types/parse5/-/parse5-6.0.0.tgz#38590dc2c3cf5717154064e3ee9b6947ee21b299"
  integrity sha512-oPwPSj4a1wu9rsXTEGIJz91ISU725t0BmSnUhb57sI+M8XEmvUop84lzuiYdq0Y5M6xLY8DBPg0C2xEQKLyvBA==

"@types/tough-cookie@*":
  version "4.0.0"
  resolved "https://registry.npmjs.org/@types/tough-cookie/-/tough-cookie-4.0.0.tgz#fef1904e4668b6e5ecee60c52cc6a078ffa6697d"
  integrity sha512-I99sngh224D0M7XgW1s120zxCt3VYQ3IQsuw3P3jbq5GG4yc79+ZjyKznyOGIQrflfylLgcfekeZW/vk0yng6A==

"@vercel/node-bridge@2.2.0":
  version "2.2.0"
  resolved "https://registry.npmjs.org/@vercel/node-bridge/-/node-bridge-2.2.0.tgz#9f77e68733d782bb6edd1e86c2d2eae8e4ca7a3c"
  integrity sha512-ydYlZyIQfsuriF6qTt/F4vaAt+nb4ZKhLEl2o5AQFa5ED7LoPS5w01Xbujy+25pqS1ODu8/bsqOCUSX8y/+tSQ==

"@vercel/node@^1.14.1":
  version "1.14.1"
  resolved "https://registry.npmjs.org/@vercel/node/-/node-1.14.1.tgz#a63d8bfc0274cb0f89e4835f418d1b36e439f965"
  integrity sha512-/R1tERotQMTBoB4gw390B8wJAOS9IO4iejing9jqLFSISdW7uVU6kgkUbLM8OtuN0DGwi1qYQ6DcdxySX2qYzw==
  dependencies:
    "@types/node" "*"
    "@vercel/node-bridge" "2.2.0"
    ts-node "8.9.1"
    typescript "4.3.4"

abab@^2.0.3, abab@^2.0.5:
  version "2.0.5"
  resolved "https://registry.npmjs.org/abab/-/abab-2.0.5.tgz#c0b678fb32d60fc1219c784d6a826fe385aeb79a"
  integrity sha512-9IK9EadsbHo6jLWIpxpR6pL0sazTXV6+SQv25ZB+F7Bj9mJNaOc4nCRabwd5M/JwmUa8idz6Eci6eKfJryPs6Q==

acorn-globals@^6.0.0:
  version "6.0.0"
  resolved "https://registry.npmjs.org/acorn-globals/-/acorn-globals-6.0.0.tgz#46cdd39f0f8ff08a876619b55f5ac8a6dc770b45"
  integrity sha512-ZQl7LOWaF5ePqqcX4hLuv/bLXYQNfNWw2c0/yX/TsPRKamzHcTGQnlCjHT3TsmkOUVEPS3crCxiPfdzE/Trlhg==
  dependencies:
    acorn "^7.1.1"
    acorn-walk "^7.1.1"

acorn-walk@^7.1.1:
  version "7.2.0"
  resolved "https://registry.npmjs.org/acorn-walk/-/acorn-walk-7.2.0.tgz#0de889a601203909b0fbe07b8938dc21d2e967bc"
  integrity sha512-OPdCF6GsMIP+Az+aWfAAOEt2/+iVDKE7oy6lJ098aoe59oAmK76qV6Gw60SbZ8jHuG2wH058GF4pLFbYamYrVA==

acorn@^7.1.1:
  version "7.4.1"
  resolved "https://registry.npmjs.org/acorn/-/acorn-7.4.1.tgz#feaed255973d2e77555b83dbc08851a6c63520fa"
  integrity sha512-nQyp0o1/mNdbTO1PO6kHkwSrmgZ0MT/jCCpNiwbUjGoRN4dlBhqJtoQuCnEOKzgTVwg0ZWiCoQy6SxMebQVh8A==

acorn@^8.5.0:
  version "8.7.0"
  resolved "https://registry.npmjs.org/acorn/-/acorn-8.7.0.tgz#90951fde0f8f09df93549481e5fc141445b791cf"
  integrity sha512-V/LGr1APy+PXIwKebEWrkZPwoeoF+w1jiOBUmuxuiUIaOHtob8Qc9BTrYo7VuI5fR8tqsy+buA2WFooR5olqvQ==

agent-base@6:
  version "6.0.2"
  resolved "https://registry.npmjs.org/agent-base/-/agent-base-6.0.2.tgz#49fff58577cfee3f37176feab4c22e00f86d7f77"
  integrity sha512-RZNwNclF7+MS/8bDg70amg32dyeZGZxiDuQmZxKLAlQjr3jGyLx+4Kkk58UO7D2QdgFIQCovuSuZESne6RG6XQ==
  dependencies:
    debug "4"

arg@^4.1.0:
  version "4.1.3"
  resolved "https://registry.npmjs.org/arg/-/arg-4.1.3.tgz#269fc7ad5b8e42cb63c896d5666017261c144089"
  integrity sha512-58S9QDqG0Xx27YwPSt9fJxivjYl432YCwfDMfZ+71RAqUrZef7LrKQZ3LHLOwCS4FLNBplP533Zx895SeOCHvA==

asynckit@^0.4.0:
  version "0.4.0"
  resolved "https://registry.npmjs.org/asynckit/-/asynckit-0.4.0.tgz#c79ed97f7f34cb8f2ba1bc9790bcc366474b4b79"
  integrity sha1-x57Zf380y48robyXkLzDZkdLS3k=

badgen@^3.2.2:
  version "3.2.2"
  resolved "https://registry.npmjs.org/badgen/-/badgen-3.2.2.tgz#7556b520055c4952ee46229c57d7a1cc71a85748"
  integrity sha512-MfBNhOzp+qbTg/3BAeaK1g+VE3uZ0CRfqMyrfyI3JUBz7b+DwxrZbYQdz5JQnibRih9YOVzXuVJl3A3xaWXfFQ==

browser-process-hrtime@^1.0.0:
  version "1.0.0"
  resolved "https://registry.npmjs.org/browser-process-hrtime/-/browser-process-hrtime-1.0.0.tgz#3c9b4b7d782c8121e56f10106d84c0d0ffc94626"
  integrity sha512-9o5UecI3GhkpM6DrXr69PblIuWxPKk9Y0jHBRhdocZ2y7YECBFCsHm79Pr3OyR2AvjhDkabFJaDJMYRazHgsow==

buffer-from@^1.0.0:
  version "1.1.1"
  resolved "https://registry.npmjs.org/buffer-from/-/buffer-from-1.1.1.tgz#32713bc028f75c02fdb710d7c7bcec1f2c6070ef"
  integrity sha512-MQcXEUbCKtEo7bhqEs6560Hyd4XaovZlO/k9V3hjVUF/zwW7KBVdSK4gIt/bzwS9MbR5qob+F5jusZsb0YQK2A==

combined-stream@^1.0.8:
  version "1.0.8"
  resolved "https://registry.npmjs.org/combined-stream/-/combined-stream-1.0.8.tgz#c3d45a8b34fd730631a110a8a2520682b31d5a7f"
  integrity sha512-FQN4MRfuJeHf7cBbBMJFXhKSDq+2kAArBlmRBvcvFE5BB1HZKXtSFASDhdlz9zOYwxh8lDdnvmMOe/+5cdoEdg==
  dependencies:
    delayed-stream "~1.0.0"

cross-fetch@^3.1.5:
  version "3.1.5"
  resolved "https://registry.npmjs.org/cross-fetch/-/cross-fetch-3.1.5.tgz#e1389f44d9e7ba767907f7af8454787952ab534f"
  integrity sha512-lvb1SBsI0Z7GDwmuid+mU3kWVBwTVUbe7S0H52yaaAdQOXq2YktTCZdlAcNKFzE6QtRz0snpw9bNiPeOIkkQvw==
  dependencies:
    node-fetch "2.6.7"

cssom@^0.5.0:
  version "0.5.0"
  resolved "https://registry.npmjs.org/cssom/-/cssom-0.5.0.tgz#d254fa92cd8b6fbd83811b9fbaed34663cc17c36"
  integrity sha512-iKuQcq+NdHqlAcwUY0o/HL69XQrUaQdMjmStJ8JFmUaiiQErlhrmuigkg/CU4E2J0IyUKUrMAgl36TvN67MqTw==

cssom@~0.3.6:
  version "0.3.8"
  resolved "https://registry.npmjs.org/cssom/-/cssom-0.3.8.tgz#9f1276f5b2b463f2114d3f2c75250af8c1a36f4a"
  integrity sha512-b0tGHbfegbhPJpxpiBPU2sCkigAqtM9O121le6bbOlgyV+NyGyCmVfJ6QW9eRjz8CpNfWEOYBIMIGRYkLwsIYg==

cssstyle@^2.3.0:
  version "2.3.0"
  resolved "https://registry.npmjs.org/cssstyle/-/cssstyle-2.3.0.tgz#ff665a0ddbdc31864b09647f34163443d90b0852"
  integrity sha512-AZL67abkUzIuvcHqk7c09cezpGNcxUxU4Ioi/05xHk4DQeTkWmGYftIE6ctU6AEt+Gn4n1lDStOtj7FKycP71A==
  dependencies:
    cssom "~0.3.6"

data-urls@^3.0.1:
  version "3.0.1"
  resolved "https://registry.npmjs.org/data-urls/-/data-urls-3.0.1.tgz#597fc2ae30f8bc4dbcf731fcd1b1954353afc6f8"
  integrity sha512-Ds554NeT5Gennfoo9KN50Vh6tpgtvYEwraYjejXnyTpu1C7oXKxdFk75REooENHE8ndTVOJuv+BEs4/J/xcozw==
  dependencies:
    abab "^2.0.3"
    whatwg-mimetype "^3.0.0"
    whatwg-url "^10.0.0"

debug@4:
  version "4.3.1"
  resolved "https://registry.npmjs.org/debug/-/debug-4.3.1.tgz#f0d229c505e0c6d8c49ac553d1b13dc183f6b2ee"
  integrity sha512-doEwdvm4PCeK4K3RQN2ZC2BYUBaxwLARCqZmMjtF8a51J2Rb0xpVloFRnCODwqjpwnAoao4pelN8l3RJdv3gRQ==
  dependencies:
    ms "2.1.2"

decimal.js@^10.3.1:
  version "10.3.1"
  resolved "https://registry.npmjs.org/decimal.js/-/decimal.js-10.3.1.tgz#d8c3a444a9c6774ba60ca6ad7261c3a94fd5e783"
  integrity sha512-V0pfhfr8suzyPGOx3nmq4aHqabehUZn6Ch9kyFpV79TGDTWFmHqUqXdabR7QHqxzrYolF4+tVmJhUG4OURg5dQ==

deep-is@~0.1.3:
  version "0.1.3"
  resolved "https://registry.npmjs.org/deep-is/-/deep-is-0.1.3.tgz#b369d6fb5dbc13eecf524f91b070feedc357cf34"
  integrity sha1-s2nW+128E+7PUk+RsHD+7cNXzzQ=

delayed-stream@~1.0.0:
  version "1.0.0"
  resolved "https://registry.npmjs.org/delayed-stream/-/delayed-stream-1.0.0.tgz#df3ae199acadfb7d440aaae0b29e2272b24ec619"
  integrity sha1-3zrhmayt+31ECqrgsp4icrJOxhk=

diff@^4.0.1:
  version "4.0.2"
  resolved "https://registry.npmjs.org/diff/-/diff-4.0.2.tgz#60f3aecb89d5fae520c11aa19efc2bb982aade7d"
  integrity sha512-58lmxKSA4BNyLz+HHMUzlOEpg09FV+ev6ZMe3vJihgdxzgcwZ8VoEEPmALCZG9LmqfVoNMMKpttIYTVG6uDY7A==

domexception@^4.0.0:
  version "4.0.0"
  resolved "https://registry.npmjs.org/domexception/-/domexception-4.0.0.tgz#4ad1be56ccadc86fc76d033353999a8037d03673"
  integrity sha512-A2is4PLG+eeSfoTMA95/s4pvAoSo2mKtiM5jlHkAVewmiO8ISFTFKZjH7UAM1Atli/OT/7JHOrJRJiMKUZKYBw==
  dependencies:
    webidl-conversions "^7.0.0"

escodegen@^2.0.0:
  version "2.0.0"
  resolved "https://registry.npmjs.org/escodegen/-/escodegen-2.0.0.tgz#5e32b12833e8aa8fa35e1bf0befa89380484c7dd"
  integrity sha512-mmHKys/C8BFUGI+MAWNcSYoORYLMdPzjrknd2Vc+bUsjN5bXcr8EhrNB+UTqfL1y3I9c4fw2ihgtMPQLBRiQxw==
  dependencies:
    esprima "^4.0.1"
    estraverse "^5.2.0"
    esutils "^2.0.2"
    optionator "^0.8.1"
  optionalDependencies:
    source-map "~0.6.1"

esprima@^4.0.1:
  version "4.0.1"
  resolved "https://registry.npmjs.org/esprima/-/esprima-4.0.1.tgz#13b04cdb3e6c5d19df91ab6987a8695619b0aa71"
  integrity sha512-eGuFFw7Upda+g4p+QHvnW0RyTX/SVeJBDM/gCtMARO0cLuT2HcEKnTPvhjV6aGeqrCB/sbNop0Kszm0jsaWU4A==

estraverse@^5.2.0:
  version "5.2.0"
  resolved "https://registry.npmjs.org/estraverse/-/estraverse-5.2.0.tgz#307df42547e6cc7324d3cf03c155d5cdb8c53880"
  integrity sha512-BxbNGGNm0RyRYvUdHpIwv9IWzeM9XClbOxwoATuFdOE7ZE6wHL+HQ5T8hoPM+zHvmKzzsEqhgy0GrQ5X13afiQ==

esutils@^2.0.2:
  version "2.0.3"
  resolved "https://registry.npmjs.org/esutils/-/esutils-2.0.3.tgz#74d2eb4de0b8da1293711910d50775b9b710ef64"
  integrity sha512-kVscqXk4OCp68SZ0dkgEKVi6/8ij300KBWTJq32P/dYeWTSwK41WyTxalN1eRmA5Z9UU/LX9D7FWSmV9SAYx6g==

extract-files@^9.0.0:
  version "9.0.0"
  resolved "https://registry.npmjs.org/extract-files/-/extract-files-9.0.0.tgz#8a7744f2437f81f5ed3250ed9f1550de902fe54a"
  integrity sha512-CvdFfHkC95B4bBBk36hcEmvdR2awOdhhVUYH6S/zrVj3477zven/fJMYg7121h4T1xHZC+tetUpubpAhxwI7hQ==

fast-levenshtein@~2.0.6:
  version "2.0.6"
  resolved "https://registry.npmjs.org/fast-levenshtein/-/fast-levenshtein-2.0.6.tgz#3d8a5c66883a16a30ca8643e851f19baa7797917"
  integrity sha1-PYpcZog6FqMMqGQ+hR8Zuqd5eRc=

form-data@^3.0.0:
  version "3.0.1"
  resolved "https://registry.npmjs.org/form-data/-/form-data-3.0.1.tgz#ebd53791b78356a99af9a300d4282c4d5eb9755f"
  integrity sha512-RHkBKtLWUVwd7SqRIvCZMEvAMoGUp0XU+seQiZejj0COz3RI3hWP4sCv3gZWWLjJTd7rGwcsF5eKZGii0r/hbg==
  dependencies:
    asynckit "^0.4.0"
    combined-stream "^1.0.8"
    mime-types "^2.1.12"

form-data@^4.0.0:
  version "4.0.0"
  resolved "https://registry.npmjs.org/form-data/-/form-data-4.0.0.tgz#93919daeaf361ee529584b9b31664dc12c9fa452"
  integrity sha512-ETEklSGi5t0QMZuiXoA/Q6vcnxcLQP5vdugSpuAyi6SVGi2clPPp+xgEhuMaHC+zGgn31Kd235W35f7Hykkaww==
  dependencies:
    asynckit "^0.4.0"
    combined-stream "^1.0.8"
    mime-types "^2.1.12"

graphql-request@^4.2.0:
  version "4.2.0"
  resolved "https://registry.npmjs.org/graphql-request/-/graphql-request-4.2.0.tgz#063377bc2dd29cc46aed3fddcc65fe97b805ba81"
  integrity sha512-uFeMyhhl8ss4LFgjlfPeAn2pqYw+CJto+cjj71uaBYIMMK2jPIqgHm5KEFxUk0YDD41A8Bq31a2b4G2WJBlp2Q==
  dependencies:
    cross-fetch "^3.1.5"
    extract-files "^9.0.0"
    form-data "^3.0.0"

graphql@^16.3.0:
  version "16.3.0"
  resolved "https://registry.npmjs.org/graphql/-/graphql-16.3.0.tgz#a91e24d10babf9e60c706919bb182b53ccdffc05"
  integrity sha512-xm+ANmA16BzCT5pLjuXySbQVFwH3oJctUVdy81w1sV0vBU0KgDdBGtxQOUd5zqOBk/JayAFeG8Dlmeq74rjm/A==

html-encoding-sniffer@^3.0.0:
  version "3.0.0"
  resolved "https://registry.npmjs.org/html-encoding-sniffer/-/html-encoding-sniffer-3.0.0.tgz#2cb1a8cf0db52414776e5b2a7a04d5dd98158de9"
  integrity sha512-oWv4T4yJ52iKrufjnyZPkrN0CH3QnrUqdB6In1g5Fe1mia8GmF36gnfNySxoZtxD5+NmYw1EElVXiBk93UeskA==
  dependencies:
    whatwg-encoding "^2.0.0"

http-proxy-agent@^5.0.0:
  version "5.0.0"
  resolved "https://registry.npmjs.org/http-proxy-agent/-/http-proxy-agent-5.0.0.tgz#5129800203520d434f142bc78ff3c170800f2b43"
  integrity sha512-n2hY8YdoRE1i7r6M0w9DIw5GgZN0G25P8zLCRQ8rjXtTU3vsNFBI/vWK/UIeE6g5MUUz6avwAPXmL6Fy9D/90w==
  dependencies:
    "@tootallnate/once" "2"
    agent-base "6"
    debug "4"

https-proxy-agent@^5.0.0:
  version "5.0.0"
  resolved "https://registry.npmjs.org/https-proxy-agent/-/https-proxy-agent-5.0.0.tgz#e2a90542abb68a762e0a0850f6c9edadfd8506b2"
  integrity sha512-EkYm5BcKUGiduxzSt3Eppko+PiNWNEpa4ySk9vTC6wDsQJW9rHSa+UhGNJoRYp7bz6Ht1eaRIa6QaJqO5rCFbA==
  dependencies:
    agent-base "6"
    debug "4"

iconv-lite@0.6.3:
  version "0.6.3"
  resolved "https://registry.npmjs.org/iconv-lite/-/iconv-lite-0.6.3.tgz#a52f80bf38da1952eb5c681790719871a1a72501"
  integrity sha512-4fCk79wshMdzMp2rH06qWrJE4iolqLhCUH+OiuIgU++RB0+94NlDL81atO7GX55uUKueo0txHNtvEyI6D7WdMw==
  dependencies:
    safer-buffer ">= 2.1.2 < 3.0.0"

is-potential-custom-element-name@^1.0.1:
  version "1.0.1"
  resolved "https://registry.npmjs.org/is-potential-custom-element-name/-/is-potential-custom-element-name-1.0.1.tgz#171ed6f19e3ac554394edf78caa05784a45bebb5"
  integrity sha512-bCYeRA2rVibKZd+s2625gGnGF/t7DSqDs4dP7CrLA1m7jKWz6pps0LpYLJN8Q64HtmPKJ1hrN3nzPNKFEKOUiQ==

jsdom@^19.0.0:
  version "19.0.0"
  resolved "https://registry.npmjs.org/jsdom/-/jsdom-19.0.0.tgz#93e67c149fe26816d38a849ea30ac93677e16b6a"
  integrity sha512-RYAyjCbxy/vri/CfnjUWJQQtZ3LKlLnDqj+9XLNnJPgEGeirZs3hllKR20re8LUZ6o1b1X4Jat+Qd26zmP41+A==
  dependencies:
    abab "^2.0.5"
    acorn "^8.5.0"
    acorn-globals "^6.0.0"
    cssom "^0.5.0"
    cssstyle "^2.3.0"
    data-urls "^3.0.1"
    decimal.js "^10.3.1"
    domexception "^4.0.0"
    escodegen "^2.0.0"
    form-data "^4.0.0"
    html-encoding-sniffer "^3.0.0"
    http-proxy-agent "^5.0.0"
    https-proxy-agent "^5.0.0"
    is-potential-custom-element-name "^1.0.1"
    nwsapi "^2.2.0"
    parse5 "6.0.1"
    saxes "^5.0.1"
    symbol-tree "^3.2.4"
    tough-cookie "^4.0.0"
    w3c-hr-time "^1.0.2"
    w3c-xmlserializer "^3.0.0"
    webidl-conversions "^7.0.0"
    whatwg-encoding "^2.0.0"
    whatwg-mimetype "^3.0.0"
    whatwg-url "^10.0.0"
    ws "^8.2.3"
    xml-name-validator "^4.0.0"

levn@~0.3.0:
  version "0.3.0"
  resolved "https://registry.npmjs.org/levn/-/levn-0.3.0.tgz#3b09924edf9f083c0490fdd4c0bc4421e04764ee"
  integrity sha1-OwmSTt+fCDwEkP3UwLxEIeBHZO4=
  dependencies:
    prelude-ls "~1.1.2"
    type-check "~0.3.2"

make-error@^1.1.1:
  version "1.3.6"
  resolved "https://registry.npmjs.org/make-error/-/make-error-1.3.6.tgz#2eb2e37ea9b67c4891f684a1394799af484cf7a2"
  integrity sha512-s8UhlNe7vPKomQhC1qFelMokr/Sc3AgNbso3n74mVPA5LTZwkB9NlXf4XPamLxJE8h0gh73rM94xvwRT2CVInw==

mime-db@1.48.0:
  version "1.48.0"
  resolved "https://registry.npmjs.org/mime-db/-/mime-db-1.48.0.tgz#e35b31045dd7eada3aaad537ed88a33afbef2d1d"
  integrity sha512-FM3QwxV+TnZYQ2aRqhlKBMHxk10lTbMt3bBkMAp54ddrNeVSfcQYOOKuGuy3Ddrm38I04If834fOUSq1yzslJQ==

mime-types@^2.1.12:
  version "2.1.31"
  resolved "https://registry.npmjs.org/mime-types/-/mime-types-2.1.31.tgz#a00d76b74317c61f9c2db2218b8e9f8e9c5c9e6b"
  integrity sha512-XGZnNzm3QvgKxa8dpzyhFTHmpP3l5YNusmne07VUOXxou9CqUqYa/HBy124RqtVh/O2pECas/MOcsDgpilPOPg==
  dependencies:
    mime-db "1.48.0"

ms@2.1.2:
  version "2.1.2"
  resolved "https://registry.npmjs.org/ms/-/ms-2.1.2.tgz#d09d1f357b443f493382a8eb3ccd183872ae6009"
  integrity sha512-sGkPx+VjMtmA6MX27oA4FBFELFCZZ4S4XqeGOXCv68tT+jb3vk/RyaKWP0PTKyWtmLSM0b+adUTEvbs1PEaH2w==

node-fetch@2.6.7:
  version "2.6.7"
  resolved "https://registry.npmjs.org/node-fetch/-/node-fetch-2.6.7.tgz#24de9fba827e3b4ae44dc8b20256a379160052ad"
  integrity sha512-ZjMPFEfVx5j+y2yF35Kzx5sF7kDzxuDj6ziH4FFbOp87zKDZNx8yExJIb05OGF4Nlt9IHFIMBkRl41VdvcNdbQ==
  dependencies:
    whatwg-url "^5.0.0"

nwsapi@^2.2.0:
  version "2.2.0"
  resolved "https://registry.npmjs.org/nwsapi/-/nwsapi-2.2.0.tgz#204879a9e3d068ff2a55139c2c772780681a38b7"
  integrity sha512-h2AatdwYH+JHiZpv7pt/gSX1XoRGb7L/qSIeuqA6GwYoF9w1vP1cw42TO0aI2pNyshRK5893hNSl+1//vHK7hQ==

optionator@^0.8.1:
  version "0.8.3"
  resolved "https://registry.npmjs.org/optionator/-/optionator-0.8.3.tgz#84fa1d036fe9d3c7e21d99884b601167ec8fb495"
  integrity sha512-+IW9pACdk3XWmmTXG8m3upGUJst5XRGzxMRjXzAuJ1XnIFNvfhjjIuYkDvysnPQ7qzqVzLt78BCruntqRhWQbA==
  dependencies:
    deep-is "~0.1.3"
    fast-levenshtein "~2.0.6"
    levn "~0.3.0"
    prelude-ls "~1.1.2"
    type-check "~0.3.2"
    word-wrap "~1.2.3"

parse5@6.0.1:
  version "6.0.1"
  resolved "https://registry.npmjs.org/parse5/-/parse5-6.0.1.tgz#e1a1c085c569b3dc08321184f19a39cc27f7c30b"
  integrity sha512-Ofn/CTFzRGTTxwpNEs9PP93gXShHcTq255nzRYSKe8AkVpZY7e1fpmTfOyoIvjP5HG7Z2ZM7VS9PPhQGW2pOpw==

prelude-ls@~1.1.2:
  version "1.1.2"
  resolved "https://registry.npmjs.org/prelude-ls/-/prelude-ls-1.1.2.tgz#21932a549f5e52ffd9a827f570e04be62a97da54"
  integrity sha1-IZMqVJ9eUv/ZqCf1cOBL5iqX2lQ=

psl@^1.1.33:
  version "1.8.0"
  resolved "https://registry.npmjs.org/psl/-/psl-1.8.0.tgz#9326f8bcfb013adcc005fdff056acce020e51c24"
  integrity sha512-RIdOzyoavK+hA18OGGWDqUTsCLhtA7IcZ/6NCs4fFJaHBDab+pDDmDIByWFRQJq2Cd7r1OoQxBGKOaztq+hjIQ==

punycode@^2.1.1:
  version "2.1.1"
  resolved "https://registry.npmjs.org/punycode/-/punycode-2.1.1.tgz#b58b010ac40c22c5657616c8d2c2c02c7bf479ec"
  integrity sha512-XRsRjdf+j5ml+y/6GKHPZbrF/8p2Yga0JPtdqTIY2Xe5ohJPD9saDJJLPvp9+NSBprVvevdXZybnj2cv8OEd0A==

"safer-buffer@>= 2.1.2 < 3.0.0":
  version "2.1.2"
  resolved "https://registry.npmjs.org/safer-buffer/-/safer-buffer-2.1.2.tgz#44fa161b0187b9549dd84bb91802f9bd8385cd6a"
  integrity sha512-YZo3K82SD7Riyi0E1EQPojLz7kpepnSQI9IyPbHHg1XXXevb5dJI7tpyN2ADxGcQbHG7vcyRHk0cbwqcQriUtg==

saxes@^5.0.1:
  version "5.0.1"
  resolved "https://registry.npmjs.org/saxes/-/saxes-5.0.1.tgz#eebab953fa3b7608dbe94e5dadb15c888fa6696d"
  integrity sha512-5LBh1Tls8c9xgGjw3QrMwETmTMVk0oFgvrFSvWx62llR2hcEInrKNZ2GZCCuuy2lvWrdl5jhbpeqc5hRYKFOcw==
  dependencies:
    xmlchars "^2.2.0"

source-map-support@^0.5.17:
  version "0.5.19"
  resolved "https://registry.npmjs.org/source-map-support/-/source-map-support-0.5.19.tgz#a98b62f86dcaf4f67399648c085291ab9e8fed61"
  integrity sha512-Wonm7zOCIJzBGQdB+thsPar0kYuCIzYvxZwlBa87yi/Mdjv7Tip2cyVbLj5o0cFPN4EVkuTwb3GDDyUx2DGnGw==
  dependencies:
    buffer-from "^1.0.0"
    source-map "^0.6.0"

source-map@^0.6.0, source-map@~0.6.1:
  version "0.6.1"
  resolved "https://registry.npmjs.org/source-map/-/source-map-0.6.1.tgz#74722af32e9614e9c287a8d0bbde48b5e2f1a263"
  integrity sha512-UjgapumWlbMhkBgzT7Ykc5YXUT46F0iKu8SGXq0bcwP5dz/h0Plj6enJqjz1Zbq2l5WaqYnrVbwWOWMyF3F47g==

symbol-tree@^3.2.4:
  version "3.2.4"
  resolved "https://registry.npmjs.org/symbol-tree/-/symbol-tree-3.2.4.tgz#430637d248ba77e078883951fb9aa0eed7c63fa2"
  integrity sha512-9QNk5KwDF+Bvz+PyObkmSYjI5ksVUYtjW7AU22r2NKcfLJcXp96hkDWU3+XndOsUb+AQ9QhfzfCT2O+CNWT5Tw==

tough-cookie@^4.0.0:
  version "4.0.0"
  resolved "https://registry.npmjs.org/tough-cookie/-/tough-cookie-4.0.0.tgz#d822234eeca882f991f0f908824ad2622ddbece4"
  integrity sha512-tHdtEpQCMrc1YLrMaqXXcj6AxhYi/xgit6mZu1+EDWUn+qhUf8wMQoFIy9NXuq23zAwtcB0t/MjACGR18pcRbg==
  dependencies:
    psl "^1.1.33"
    punycode "^2.1.1"
    universalify "^0.1.2"

tr46@^3.0.0:
  version "3.0.0"
  resolved "https://registry.npmjs.org/tr46/-/tr46-3.0.0.tgz#555c4e297a950617e8eeddef633c87d4d9d6cbf9"
  integrity sha512-l7FvfAHlcmulp8kr+flpQZmVwtu7nfRV7NZujtN0OqES8EL4O4e0qqzL0DC5gAvx/ZC/9lk6rhcUwYvkBnBnYA==
  dependencies:
    punycode "^2.1.1"

tr46@~0.0.3:
  version "0.0.3"
  resolved "https://registry.npmjs.org/tr46/-/tr46-0.0.3.tgz#8184fd347dac9cdc185992f3a6622e14b9d9ab6a"
  integrity sha1-gYT9NH2snNwYWZLzpmIuFLnZq2o=

ts-node@8.9.1:
  version "8.9.1"
  resolved "https://registry.npmjs.org/ts-node/-/ts-node-8.9.1.tgz#2f857f46c47e91dcd28a14e052482eb14cfd65a5"
  integrity sha512-yrq6ODsxEFTLz0R3BX2myf0WBCSQh9A+py8PBo1dCzWIOcvisbyH6akNKqDHMgXePF2kir5mm5JXJTH3OUJYOQ==
  dependencies:
    arg "^4.1.0"
    diff "^4.0.1"
    make-error "^1.1.1"
    source-map-support "^0.5.17"
    yn "3.1.1"

type-check@~0.3.2:
  version "0.3.2"
  resolved "https://registry.npmjs.org/type-check/-/type-check-0.3.2.tgz#5884cab512cf1d355e3fb784f30804b2b520db72"
  integrity sha1-WITKtRLPHTVeP7eE8wgEsrUg23I=
  dependencies:
    prelude-ls "~1.1.2"

typescript@4.3.4:
  version "4.3.4"
  resolved "https://registry.npmjs.org/typescript/-/typescript-4.3.4.tgz#3f85b986945bcf31071decdd96cf8bfa65f9dcbc"
  integrity sha512-uauPG7XZn9F/mo+7MrsRjyvbxFpzemRjKEZXS4AK83oP2KKOJPvb+9cO/gmnv8arWZvhnjVOXz7B49m1l0e9Ew==

typescript@^4.6.3:
  version "4.6.3"
  resolved "https://registry.npmjs.org/typescript/-/typescript-4.6.3.tgz#eefeafa6afdd31d725584c67a0eaba80f6fc6c6c"
  integrity sha512-yNIatDa5iaofVozS/uQJEl3JRWLKKGJKh6Yaiv0GLGSuhpFJe7P3SbHZ8/yjAHRQwKRoA6YZqlfjXWmVzoVSMw==

universalify@^0.1.2:
  version "0.1.2"
  resolved "https://registry.npmjs.org/universalify/-/universalify-0.1.2.tgz#b646f69be3942dabcecc9d6639c80dc105efaa66"
  integrity sha512-rBJeI5CXAlmy1pV+617WB9J63U6XcazHHF2f2dbJix4XzpUF0RS3Zbj0FGIOCAva5P/d/GBOYaACQ1w+0azUkg==

w3c-hr-time@^1.0.2:
  version "1.0.2"
  resolved "https://registry.npmjs.org/w3c-hr-time/-/w3c-hr-time-1.0.2.tgz#0a89cdf5cc15822df9c360543676963e0cc308cd"
  integrity sha512-z8P5DvDNjKDoFIHK7q8r8lackT6l+jo/Ye3HOle7l9nICP9lf1Ci25fy9vHd0JOWewkIFzXIEig3TdKT7JQ5fQ==
  dependencies:
    browser-process-hrtime "^1.0.0"

w3c-xmlserializer@^3.0.0:
  version "3.0.0"
  resolved "https://registry.npmjs.org/w3c-xmlserializer/-/w3c-xmlserializer-3.0.0.tgz#06cdc3eefb7e4d0b20a560a5a3aeb0d2d9a65923"
  integrity sha512-3WFqGEgSXIyGhOmAFtlicJNMjEps8b1MG31NCA0/vOF9+nKMUW1ckhi9cnNHmf88Rzw5V+dwIwsm2C7X8k9aQg==
  dependencies:
    xml-name-validator "^4.0.0"

webidl-conversions@^3.0.0:
  version "3.0.1"
  resolved "https://registry.npmjs.org/webidl-conversions/-/webidl-conversions-3.0.1.tgz#24534275e2a7bc6be7bc86611cc16ae0a5654871"
  integrity sha1-JFNCdeKnvGvnvIZhHMFq4KVlSHE=

webidl-conversions@^7.0.0:
  version "7.0.0"
  resolved "https://registry.npmjs.org/webidl-conversions/-/webidl-conversions-7.0.0.tgz#256b4e1882be7debbf01d05f0aa2039778ea080a"
  integrity sha512-VwddBukDzu71offAQR975unBIGqfKZpM+8ZX6ySk8nYhVoo5CYaZyzt3YBvYtRtO+aoGlqxPg/B87NGVZ/fu6g==

whatwg-encoding@^2.0.0:
  version "2.0.0"
  resolved "https://registry.npmjs.org/whatwg-encoding/-/whatwg-encoding-2.0.0.tgz#e7635f597fd87020858626805a2729fa7698ac53"
  integrity sha512-p41ogyeMUrw3jWclHWTQg1k05DSVXPLcVxRTYsXUk+ZooOCZLcoYgPZ/HL/D/N+uQPOtcp1me1WhBEaX02mhWg==
  dependencies:
    iconv-lite "0.6.3"

whatwg-mimetype@^3.0.0:
  version "3.0.0"
  resolved "https://registry.npmjs.org/whatwg-mimetype/-/whatwg-mimetype-3.0.0.tgz#5fa1a7623867ff1af6ca3dc72ad6b8a4208beba7"
  integrity sha512-nt+N2dzIutVRxARx1nghPKGv1xHikU7HKdfafKkLNLindmPU/ch3U31NOCGGA/dmPcmb1VlofO0vnKAcsm0o/Q==

whatwg-url@^10.0.0:
  version "10.0.0"
  resolved "https://registry.npmjs.org/whatwg-url/-/whatwg-url-10.0.0.tgz#37264f720b575b4a311bd4094ed8c760caaa05da"
  integrity sha512-CLxxCmdUby142H5FZzn4D8ikO1cmypvXVQktsgosNy4a4BHrDHeciBBGZhb0bNoR5/MltoCatso+vFjjGx8t0w==
  dependencies:
    tr46 "^3.0.0"
    webidl-conversions "^7.0.0"

whatwg-url@^5.0.0:
  version "5.0.0"
  resolved "https://registry.npmjs.org/whatwg-url/-/whatwg-url-5.0.0.tgz#966454e8765462e37644d3626f6742ce8b70965d"
  integrity sha1-lmRU6HZUYuN2RNNib2dCzotwll0=
  dependencies:
    tr46 "~0.0.3"
    webidl-conversions "^3.0.0"

word-wrap@~1.2.3:
  version "1.2.3"
  resolved "https://registry.npmjs.org/word-wrap/-/word-wrap-1.2.3.tgz#610636f6b1f703891bd34771ccb17fb93b47079c"
  integrity sha512-Hz/mrNwitNRh/HUAtM/VT/5VH+ygD6DV7mYKZAtHOrbs8U7lvPS6xf7EJKMF0uW1KJCl0H701g3ZGus+muE5vQ==

ws@^8.2.3:
  version "8.5.0"
  resolved "https://registry.npmjs.org/ws/-/ws-8.5.0.tgz#bfb4be96600757fe5382de12c670dab984a1ed4f"
  integrity sha512-BWX0SWVgLPzYwF8lTzEy1egjhS4S4OEAHfsO8o65WOVsrnSRGaSiUaa9e0ggGlkMTtBlmOpEXiie9RUcBO86qg==

xml-name-validator@^4.0.0:
  version "4.0.0"
  resolved "https://registry.npmjs.org/xml-name-validator/-/xml-name-validator-4.0.0.tgz#79a006e2e63149a8600f15430f0a4725d1524835"
  integrity sha512-ICP2e+jsHvAj2E2lIHxa5tjXRlKDJo4IdvPvCXbXQGdzSfmSpNVyIKMvoZHjDY9DP0zV17iI85o90vRFXNccRw==

xmlchars@^2.2.0:
  version "2.2.0"
  resolved "https://registry.npmjs.org/xmlchars/-/xmlchars-2.2.0.tgz#060fe1bcb7f9c76fe2a17db86a9bc3ab894210cb"
  integrity sha512-JZnDKK8B0RCDw84FNdDAIpZK+JuJw+s7Lz8nksI7SIuU3UXJJslUthsi+uWBUYOwPFwW7W7PRLRfUKpxjtjFCw==

yn@3.1.1:
  version "3.1.1"
  resolved "https://registry.npmjs.org/yn/-/yn-3.1.1.tgz#1e87401a09d767c1d5eab26a6e4c185182d2eb50"
  integrity sha512-Ux4ygGWsu2c7isFWe8Yu1YluJmqVhxqK2cLXNQA5AcC3QfbGNpM7fu0Y8b/z16pXLnFxZYvWhd3fhBY9DLmC6Q==
